// !$*UTF8*$!
{
	archiveVersion = 1;
	classes = {
	};
	objectVersion = 55;
	objects = {

/* Begin PBXBuildFile section */
		E96B41162797FDDC001B0099 /* AppDelegate.swift in Sources */ = {isa = PBXBuildFile; fileRef = E96B41152797FDDC001B0099 /* AppDelegate.swift */; };
		E96B41182797FDDC001B0099 /* SceneDelegate.swift in Sources */ = {isa = PBXBuildFile; fileRef = E96B41172797FDDC001B0099 /* SceneDelegate.swift */; };
		E96B411F2797FDDE001B0099 /* Assets.xcassets in Resources */ = {isa = PBXBuildFile; fileRef = E96B411E2797FDDE001B0099 /* Assets.xcassets */; };
		E96B41222797FDDE001B0099 /* LaunchScreen.storyboard in Resources */ = {isa = PBXBuildFile; fileRef = E96B41202797FDDE001B0099 /* LaunchScreen.storyboard */; };
		E96B412C27980718001B0099 /* MainCoordinator.swift in Sources */ = {isa = PBXBuildFile; fileRef = E96B412B27980718001B0099 /* MainCoordinator.swift */; };
		E96B412E2798086E001B0099 /* HomeViewModel.swift in Sources */ = {isa = PBXBuildFile; fileRef = E96B412D2798086E001B0099 /* HomeViewModel.swift */; };
		E99897F827984929004AC0CF /* HomeViewController.swift in Sources */ = {isa = PBXBuildFile; fileRef = E99897F727984929004AC0CF /* HomeViewController.swift */; };
		E99897FA27984931004AC0CF /* DetailViewController.swift in Sources */ = {isa = PBXBuildFile; fileRef = E99897F927984931004AC0CF /* DetailViewController.swift */; };
		E99897FC27984B7A004AC0CF /* DIContainer.swift in Sources */ = {isa = PBXBuildFile; fileRef = E99897FB27984B7A004AC0CF /* DIContainer.swift */; };
/* End PBXBuildFile section */

/* Begin PBXFileReference section */
		E96B41122797FDDC001B0099 /* DIContainer.app */ = {isa = PBXFileReference; explicitFileType = wrapper.application; includeInIndex = 0; path = DIContainer.app; sourceTree = BUILT_PRODUCTS_DIR; };
		E96B41152797FDDC001B0099 /* AppDelegate.swift */ = {isa = PBXFileReference; lastKnownFileType = sourcecode.swift; path = AppDelegate.swift; sourceTree = "<group>"; };
		E96B41172797FDDC001B0099 /* SceneDelegate.swift */ = {isa = PBXFileReference; lastKnownFileType = sourcecode.swift; path = SceneDelegate.swift; sourceTree = "<group>"; };
		E96B411E2797FDDE001B0099 /* Assets.xcassets */ = {isa = PBXFileReference; lastKnownFileType = folder.assetcatalog; path = Assets.xcassets; sourceTree = "<group>"; };
		E96B41212797FDDE001B0099 /* Base */ = {isa = PBXFileReference; lastKnownFileType = file.storyboard; name = Base; path = Base.lproj/LaunchScreen.storyboard; sourceTree = "<group>"; };
		E96B41232797FDDE001B0099 /* Info.plist */ = {isa = PBXFileReference; lastKnownFileType = text.plist.xml; path = Info.plist; sourceTree = "<group>"; };
		E96B412B27980718001B0099 /* MainCoordinator.swift */ = {isa = PBXFileReference; lastKnownFileType = sourcecode.swift; path = MainCoordinator.swift; sourceTree = "<group>"; };
		E96B412D2798086E001B0099 /* HomeViewModel.swift */ = {isa = PBXFileReference; lastKnownFileType = sourcecode.swift; path = HomeViewModel.swift; sourceTree = "<group>"; };
		E99897F727984929004AC0CF /* HomeViewController.swift */ = {isa = PBXFileReference; lastKnownFileType = sourcecode.swift; path = HomeViewController.swift; sourceTree = "<group>"; };
		E99897F927984931004AC0CF /* DetailViewController.swift */ = {isa = PBXFileReference; lastKnownFileType = sourcecode.swift; path = DetailViewController.swift; sourceTree = "<group>"; };
		E99897FB27984B7A004AC0CF /* DIContainer.swift */ = {isa = PBXFileReference; lastKnownFileType = sourcecode.swift; path = DIContainer.swift; sourceTree = "<group>"; };
/* End PBXFileReference section */

/* Begin PBXFrameworksBuildPhase section */
		E96B410F2797FDDC001B0099 /* Frameworks */ = {
			isa = PBXFrameworksBuildPhase;
			buildActionMask = 2147483647;
			files = (
			);
			runOnlyForDeploymentPostprocessing = 0;
		};
/* End PBXFrameworksBuildPhase section */

/* Begin PBXGroup section */
		E96B41092797FDDC001B0099 = {
			isa = PBXGroup;
			children = (
				E96B41142797FDDC001B0099 /* DIContainer */,
				E96B41132797FDDC001B0099 /* Products */,
			);
			sourceTree = "<group>";
		};
		E96B41132797FDDC001B0099 /* Products */ = {
			isa = PBXGroup;
			children = (
				E96B41122797FDDC001B0099 /* DIContainer.app */,
			);
			name = Products;
			sourceTree = "<group>";
		};
		E96B41142797FDDC001B0099 /* DIContainer */ = {
			isa = PBXGroup;
			children = (
				E96B412A2797FDF1001B0099 /* AppDelegate */,
				E96B41292797FDE3001B0099 /* Resources */,
				E96B412B27980718001B0099 /* MainCoordinator.swift */,
				E99897FB27984B7A004AC0CF /* DIContainer.swift */,
				E96B412D2798086E001B0099 /* HomeViewModel.swift */,
				E99897F727984929004AC0CF /* HomeViewController.swift */,
				E99897F927984931004AC0CF /* DetailViewController.swift */,
			);
			path = DIContainer;
			sourceTree = "<group>";
		};
		E96B41292797FDE3001B0099 /* Resources */ = {
			isa = PBXGroup;
			children = (
				E96B411E2797FDDE001B0099 /* Assets.xcassets */,
				E96B41202797FDDE001B0099 /* LaunchScreen.storyboard */,
				E96B41232797FDDE001B0099 /* Info.plist */,
			);
			path = Resources;
			sourceTree = "<group>";
		};
		E96B412A2797FDF1001B0099 /* AppDelegate */ = {
			isa = PBXGroup;
			children = (
				E96B41152797FDDC001B0099 /* AppDelegate.swift */,
				E96B41172797FDDC001B0099 /* SceneDelegate.swift */,
			);
			path = AppDelegate;
			sourceTree = "<group>";
		};
/* End PBXGroup section */

/* Begin PBXNativeTarget section */
		E96B41112797FDDC001B0099 /* DIContainer */ = {
			isa = PBXNativeTarget;
			buildConfigurationList = E96B41262797FDDE001B0099 /* Build configuration list for PBXNativeTarget "DIContainer" */;
			buildPhases = (
				E96B410E2797FDDC001B0099 /* Sources */,
				E96B410F2797FDDC001B0099 /* Frameworks */,
				E96B41102797FDDC001B0099 /* Resources */,
			);
			buildRules = (
			);
			dependencies = (
			);
			name = DIContainer;
			productName = DIContainer;
			productReference = E96B41122797FDDC001B0099 /* DIContainer.app */;
			productType = "com.apple.product-type.application";
		};
/* End PBXNativeTarget section */

/* Begin PBXProject section */
		E96B410A2797FDDC001B0099 /* Project object */ = {
			isa = PBXProject;
			attributes = {
				BuildIndependentTargetsInParallel = 1;
				LastSwiftUpdateCheck = 1300;
				LastUpgradeCheck = 1300;
				TargetAttributes = {
					E96B41112797FDDC001B0099 = {
						CreatedOnToolsVersion = 13.0;
					};
				};
			};
			buildConfigurationList = E96B410D2797FDDC001B0099 /* Build configuration list for PBXProject "DIContainer" */;
			compatibilityVersion = "Xcode 13.0";
			developmentRegion = en;
			hasScannedForEncodings = 0;
			knownRegions = (
				en,
				Base,
			);
			mainGroup = E96B41092797FDDC001B0099;
			productRefGroup = E96B41132797FDDC001B0099 /* Products */;
			projectDirPath = "";
			projectRoot = "";
			targets = (
				E96B41112797FDDC001B0099 /* DIContainer */,
			);
		};
/* End PBXProject section */

/* Begin PBXResourcesBuildPhase section */
		E96B41102797FDDC001B0099 /* Resources */ = {
			isa = PBXResourcesBuildPhase;
			buildActionMask = 2147483647;
			files = (
				E96B41222797FDDE001B0099 /* LaunchScreen.storyboard in Resources */,
				E96B411F2797FDDE001B0099 /* Assets.xcassets in Resources */,
			);
			runOnlyForDeploymentPostprocessing = 0;
		};
/* End PBXResourcesBuildPhase section */

/* Begin PBXSourcesBuildPhase section */
		E96B410E2797FDDC001B0099 /* Sources */ = {
			isa = PBXSourcesBuildPhase;
			buildActionMask = 2147483647;
			files = (
				E96B412C27980718001B0099 /* MainCoordinator.swift in Sources */,
				E96B412E2798086E001B0099 /* HomeViewModel.swift in Sources */,
				E96B41162797FDDC001B0099 /* AppDelegate.swift in Sources */,
				E99897FC27984B7A004AC0CF /* DIContainer.swift in Sources */,
				E96B41182797FDDC001B0099 /* SceneDelegate.swift in Sources */,
				E99897F827984929004AC0CF /* HomeViewController.swift in Sources */,
				E99897FA27984931004AC0CF /* DetailViewController.swift in Sources */,
			);
			runOnlyForDeploymentPostprocessing = 0;
		};
/* End PBXSourcesBuildPhase section */

/* Begin PBXVariantGroup section */
		E96B41202797FDDE001B0099 /* LaunchScreen.storyboard */ = {
			isa = PBXVariantGroup;
			children = (
				E96B41212797FDDE001B0099 /* Base */,
			);
			name = LaunchScreen.storyboard;
			sourceTree = "<group>";
		};
/* End PBXVariantGroup section */

/* Begin XCBuildConfiguration section */
		E96B41242797FDDE001B0099 /* Debug */ = {
			isa = XCBuildConfiguration;
			buildSettings = {
				ALWAYS_SEARCH_USER_PATHS = NO;
				CLANG_ANALYZER_NONNULL = YES;
				CLANG_ANALYZER_NUMBER_OBJECT_CONVERSION = YES_AGGRESSIVE;
				CLANG_CXX_LANGUAGE_STANDARD = "gnu++17";
				CLANG_CXX_LIBRARY = "libc++";
				CLANG_ENABLE_MODULES = YES;
				CLANG_ENABLE_OBJC_ARC = YES;
				CLANG_ENABLE_OBJC_WEAK = YES;
				CLANG_WARN_BLOCK_CAPTURE_AUTORELEASING = YES;
				CLANG_WARN_BOOL_CONVERSION = YES;
				CLANG_WARN_COMMA = YES;
				CLANG_WARN_CONSTANT_CONVERSION = YES;
				CLANG_WARN_DEPRECATED_OBJC_IMPLEMENTATIONS = YES;
				CLANG_WARN_DIRECT_OBJC_ISA_USAGE = YES_ERROR;
				CLANG_WARN_DOCUMENTATION_COMMENTS = YES;
				CLANG_WARN_EMPTY_BODY = YES;
				CLANG_WARN_ENUM_CONVERSION = YES;
				CLANG_WARN_INFINITE_RECURSION = YES;
				CLANG_WARN_INT_CONVERSION = YES;
				CLANG_WARN_NON_LITERAL_NULL_CONVERSION = YES;
				CLANG_WARN_OBJC_IMPLICIT_RETAIN_SELF = YES;
				CLANG_WARN_OBJC_LITERAL_CONVERSION = YES;
				CLANG_WARN_OBJC_ROOT_CLASS = YES_ERROR;
				CLANG_WARN_QUOTED_INCLUDE_IN_FRAMEWORK_HEADER = YES;
				CLANG_WARN_RANGE_LOOP_ANALYSIS = YES;
				CLANG_WARN_STRICT_PROTOTYPES = YES;
				CLANG_WARN_SUSPICIOUS_MOVE = YES;
				CLANG_WARN_UNGUARDED_AVAILABILITY = YES_AGGRESSIVE;
				CLANG_WARN_UNREACHABLE_CODE = YES;
				CLANG_WARN__DUPLICATE_METHOD_MATCH = YES;
				COPY_PHASE_STRIP = NO;
				DEBUG_INFORMATION_FORMAT = dwarf;
				ENABLE_STRICT_OBJC_MSGSEND = YES;
				ENABLE_TESTABILITY = YES;
				GCC_C_LANGUAGE_STANDARD = gnu11;
				GCC_DYNAMIC_NO_PIC = NO;
				GCC_NO_COMMON_BLOCKS = YES;
				GCC_OPTIMIZATION_LEVEL = 0;
				GCC_PREPROCESSOR_DEFINITIONS = (
					"DEBUG=1",
					"$(inherited)",
				);
				GCC_WARN_64_TO_32_BIT_CONVERSION = YES;
				GCC_WARN_ABOUT_RETURN_TYPE = YES_ERROR;
				GCC_WARN_UNDECLARED_SELECTOR = YES;
				GCC_WARN_UNINITIALIZED_AUTOS = YES_AGGRESSIVE;
				GCC_WARN_UNUSED_FUNCTION = YES;
				GCC_WARN_UNUSED_VARIABLE = YES;
				IPHONEOS_DEPLOYMENT_TARGET = 15.0;
				MTL_ENABLE_DEBUG_INFO = INCLUDE_SOURCE;
				MTL_FAST_MATH = YES;
				ONLY_ACTIVE_ARCH = YES;
				SDKROOT = iphoneos;
				SWIFT_ACTIVE_COMPILATION_CONDITIONS = DEBUG;
				SWIFT_OPTIMIZATION_LEVEL = "-Onone";
			};
			name = Debug;
		};
		E96B41252797FDDE001B0099 /* Release */ = {
			isa = XCBuildConfiguration;
			buildSettings = {
				ALWAYS_SEARCH_USER_PATHS = NO;
				CLANG_ANALYZER_NONNULL = YES;
				CLANG_ANALYZER_NUMBER_OBJECT_CONVERSION = YES_AGGRESSIVE;
				CLANG_CXX_LANGUAGE_STANDARD = "gnu++17";
				CLANG_CXX_LIBRARY = "libc++";
				CLANG_ENABLE_MODULES = YES;
				CLANG_ENABLE_OBJC_ARC = YES;
				CLANG_ENABLE_OBJC_WEAK = YES;
				CLANG_WARN_BLOCK_CAPTURE_AUTORELEASING = YES;
				CLANG_WARN_BOOL_CONVERSION = YES;
				CLANG_WARN_COMMA = YES;
				CLANG_WARN_CONSTANT_CONVERSION = YES;
				CLANG_WARN_DEPRECATED_OBJC_IMPLEMENTATIONS = YES;
				CLANG_WARN_DIRECT_OBJC_ISA_USAGE = YES_ERROR;
				CLANG_WARN_DOCUMENTATION_COMMENTS = YES;
				CLANG_WARN_EMPTY_BODY = YES;
				CLANG_WARN_ENUM_CONVERSION = YES;
				CLANG_WARN_INFINITE_RECURSION = YES;
				CLANG_WARN_INT_CONVERSION = YES;
				CLANG_WARN_NON_LITERAL_NULL_CONVERSION = YES;
				CLANG_WARN_OBJC_IMPLICIT_RETAIN_SELF = YES;
				CLANG_WARN_OBJC_LITERAL_CONVERSION = YES;
				CLANG_WARN_OBJC_ROOT_CLASS = YES_ERROR;
				CLANG_WARN_QUOTED_INCLUDE_IN_FRAMEWORK_HEADER = YES;
				CLANG_WARN_RANGE_LOOP_ANALYSIS = YES;
				CLANG_WARN_STRICT_PROTOTYPES = YES;
				CLANG_WARN_SUSPICIOUS_MOVE = YES;
				CLANG_WARN_UNGUARDED_AVAILABILITY = YES_AGGRESSIVE;
				CLANG_WARN_UNREACHABLE_CODE = YES;
				CLANG_WARN__DUPLICATE_METHOD_MATCH = YES;
				COPY_PHASE_STRIP = NO;
				DEBUG_INFORMATION_FORMAT = "dwarf-with-dsym";
				ENABLE_NS_ASSERTIONS = NO;
				ENABLE_STRICT_OBJC_MSGSEND = YES;
				GCC_C_LANGUAGE_STANDARD = gnu11;
				GCC_NO_COMMON_BLOCKS = YES;
				GCC_WARN_64_TO_32_BIT_CONVERSION = YES;
				GCC_WARN_ABOUT_RETURN_TYPE = YES_ERROR;
				GCC_WARN_UNDECLARED_SELECTOR = YES;
				GCC_WARN_UNINITIALIZED_AUTOS = YES_AGGRESSIVE;
				GCC_WARN_UNUSED_FUNCTION = YES;
				GCC_WARN_UNUSED_VARIABLE = YES;
				IPHONEOS_DEPLOYMENT_TARGET = 15.0;
				MTL_ENABLE_DEBUG_INFO = NO;
				MTL_FAST_MATH = YES;
				SDKROOT = iphoneos;
				SWIFT_COMPILATION_MODE = wholemodule;
				SWIFT_OPTIMIZATION_LEVEL = "-O";
				VALIDATE_PRODUCT = YES;
			};
			name = Release;
		};
		E96B41272797FDDE001B0099 /* Debug */ = {
			isa = XCBuildConfiguration;
			buildSettings = {
				ASSETCATALOG_COMPILER_APPICON_NAME = AppIcon;
				ASSETCATALOG_COMPILER_GLOBAL_ACCENT_COLOR_NAME = AccentColor;
				CODE_SIGN_STYLE = Automatic;
				CURRENT_PROJECT_VERSION = 1;
				DEVELOPMENT_TEAM = DRL89Y339X;
				GENERATE_INFOPLIST_FILE = YES;
				INFOPLIST_FILE = DIContainer/Resources/Info.plist;
				INFOPLIST_KEY_UIApplicationSupportsIndirectInputEvents = YES;
				INFOPLIST_KEY_UILaunchStoryboardName = LaunchScreen;
				INFOPLIST_KEY_UISupportedInterfaceOrientations_iPad = "UIInterfaceOrientationPortrait UIInterfaceOrientationPortraitUpsideDown UIInterfaceOrientationLandscapeLeft UIInterfaceOrientationLandscapeRight";
				INFOPLIST_KEY_UISupportedInterfaceOrientations_iPhone = "UIInterfaceOrientationPortrait UIInterfaceOrientationLandscapeLeft UIInterfaceOrientationLandscapeRight";
				LD_RUNPATH_SEARCH_PATHS = (
					"$(inherited)",
					"@executable_path/Frameworks",
				);
				MARKETING_VERSION = 1.0;
				PRODUCT_BUNDLE_IDENTIFIER = com.swpark.DIContainer;
				PRODUCT_NAME = "$(TARGET_NAME)";
				SWIFT_EMIT_LOC_STRINGS = YES;
				SWIFT_VERSION = 5.0;
				TARGETED_DEVICE_FAMILY = "1,2";
			};
			name = Debug;
		};
		E96B41282797FDDE001B0099 /* Release */ = {
			isa = XCBuildConfiguration;
			buildSettings = {
				ASSETCATALOG_COMPILER_APPICON_NAME = AppIcon;
				ASSETCATALOG_COMPILER_GLOBAL_ACCENT_COLOR_NAME = AccentColor;
				CODE_SIGN_STYLE = Automatic;
				CURRENT_PROJECT_VERSION = 1;
				DEVELOPMENT_TEAM = DRL89Y339X;
				GENERATE_INFOPLIST_FILE = YES;
				INFOPLIST_FILE = DIContainer/Resources/Info.plist;
				INFOPLIST_KEY_UIApplicationSupportsIndirectInputEvents = YES;
				INFOPLIST_KEY_UILaunchStoryboardName = LaunchScreen;
				INFOPLIST_KEY_UISupportedInterfaceOrientations_iPad = "UIInterfaceOrientationPortrait UIInterfaceOrientationPortraitUpsideDown UIInterfaceOrientationLandscapeLeft UIInterfaceOrientationLandscapeRight";
				INFOPLIST_KEY_UISupportedInterfaceOrientations_iPhone = "UIInterfaceOrientationPortrait UIInterfaceOrientationLandscapeLeft UIInterfaceOrientationLandscapeRight";
				LD_RUNPATH_SEARCH_PATHS = (
					"$(inherited)",
					"@executable_path/Frameworks",
				);
				MARKETING_VERSION = 1.0;
				PRODUCT_BUNDLE_IDENTIFIER = com.swpark.DIContainer;
				PRODUCT_NAME = "$(TARGET_NAME)";
				SWIFT_EMIT_LOC_STRINGS = YES;
				SWIFT_VERSION = 5.0;
				TARGETED_DEVICE_FAMILY = "1,2";
			};
			name = Release;
		};
/* End XCBuildConfiguration section */

/* Begin XCConfigurationList section */
		E96B410D2797FDDC001B0099 /* Build configuration list for PBXProject "DIContainer" */ = {
			isa = XCConfigurationList;
			buildConfigurations = (
				E96B41242797FDDE001B0099 /* Debug */,
				E96B41252797FDDE001B0099 /* Release */,
			);
			defaultConfigurationIsVisible = 0;
			defaultConfigurationName = Release;
		};
		E96B41262797FDDE001B0099 /* Build configuration list for PBXNativeTarget "DIContainer" */ = {
			isa = XCConfigurationList;
			buildConfigurations = (
				E96B41272797FDDE001B0099 /* Debug */,
				E96B41282797FDDE001B0099 /* Release */,
			);
			defaultConfigurationIsVisible = 0;
			defaultConfigurationName = Release;
		};
/* End XCConfigurationList section */
	};
	rootObject = E96B410A2797FDDC001B0099 /* Project object */;
}
